
Microsoft Visual Studio Solution File, Format Version 12.00
# Visual Studio Version 16
VisualStudioVersion = 16.0.30804.86
MinimumVisualStudioVersion = 10.0.40219.1
Project("{FAE04EC0-301F-11D3-BF4B-00C04F79EFBC}") = "AS_Assignment_190494J", "AS_Assignment_190494J\AS_Assignment_190494J.csproj", "{FE435D34-0316-42D3-8BE1-3C67FE929F13}"
EndProject
Global
	GlobalSection(SolutionConfigurationPlatforms) = preSolution
		Debug|Any CPU = Debug|Any CPU
		Release|Any CPU = Release|Any CPU
	EndGlobalSection
	GlobalSection(ProjectConfigurationPlatforms) = postSolution
		{FE435D34-0316-42D3-8BE1-3C67FE929F13}.Debug|Any CPU.ActiveCfg = Debug|Any CPU
		{FE435D34-0316-42D3-8BE1-3C67FE929F13}.Debug|Any CPU.Build.0 = Debug|Any CPU
		{FE435D34-0316-42D3-8BE1-3C67FE929F13}.Release|Any CPU.ActiveCfg = Release|Any CPU
		{FE435D34-0316-42D3-8BE1-3C67FE929F13}.Release|Any CPU.Build.0 = Release|Any CPU
	EndGlobalSection
	GlobalSection(SolutionProperties) = preSolution
		HideSolutionNode = FALSE
	EndGlobalSection
	GlobalSection(ExtensibilityGlobals) = postSolution
		SolutionGuid = {48B3D563-5B4E-40B5-B239-E9FB2618363A}
	EndGlobalSection
EndGlobal
